{
  "name": "@yz1311/teaset-code-push",
  "version": "0.1.2",
  "lockfileVersion": 1,
  "requires": true,
  "dependencies": {
    "hoist-non-react-statics": {
      "version": "3.3.0",
      "resolved": "https://registry.npm.taobao.org/hoist-non-react-statics/download/hoist-non-react-statics-3.3.0.tgz",
      "integrity": "sha1-sJF48BIhhPuVrPUl2q7LTY9FlYs=",
      "requires": {
        "react-is": "^16.7.0"
      }
    },
    "react-is": {
      "version": "16.9.0",
      "resolved": "https://registry.npm.taobao.org/react-is/download/react-is-16.9.0.tgz",
      "integrity": "sha1-IcqVYTmarQ/xp3AcAWg+jKmB7cs="
    },
    "typescript": {
      "version": "3.5.3",
      "resolved": "https://registry.npm.taobao.org/typescript/download/typescript-3.5.3.tgz?cache=0&sync_timestamp=1567491477480&other_urls=https%3A%2F%2Fregistry.npm.taobao.org%2Ftypescript%2Fdownload%2Ftypescript-3.5.3.tgz",
      "integrity": "sha1-yDD2V/k/HqhGgZ6SkJL1/lmD6Xc=",
      "dev": true
    }
  }
}
