# THIS IS AN AUTOGENERATED FILE. DO NOT EDIT THIS FILE DIRECTLY.
# yarn lockfile v1


hoist-non-react-statics@3.3.0:
  version "3.3.0"
  resolved "https://registry.npm.taobao.org/hoist-non-react-statics/download/hoist-non-react-statics-3.3.0.tgz#b09178f0122184fb95acf525daaecb4d8f45958b"
  integrity sha1-sJF48BIhhPuVrPUl2q7LTY9FlYs=
  dependencies:
    react-is "^16.7.0"

react-is@^16.7.0:
  version "16.9.0"
  resolved "https://registry.npm.taobao.org/react-is/download/react-is-16.9.0.tgz#21ca9561399aad0ff1a7701c01683e8ca981edcb"
  integrity sha1-IcqVYTmarQ/xp3AcAWg+jKmB7cs=

typescript@^3.5.2:
  version "3.5.3"
  resolved "https://registry.npmjs.org/typescript/-/typescript-3.5.3.tgz#c830f657f93f1ea846819e929092f5fe5983e977"
  integrity sha512-ACzBtm/PhXBDId6a6sDJfroT2pOWt/oOnk4/dElG5G33ZL776N3Y6/6bKZJBFpd+b05F3Ct9qDjMeJmRWtE2/g==
